
Microsoft Visual Studio Solution File, Format Version 12.00
# Visual Studio Version 17
VisualStudioVersion = 17.5.33627.172
MinimumVisualStudioVersion = 10.0.40219.1
Project("{FAE04EC0-301F-11D3-BF4B-00C04F79EFBC}") = "WebApplication_todo", "WebApplication_todo\WebApplication_todo.csproj", "{83330B14-AA70-45BB-9DCE-3FA25BEC2952}"
EndProject
Global
	GlobalSection(SolutionConfigurationPlatforms) = preSolution
		Debug|Any CPU = Debug|Any CPU
		Release|Any CPU = Release|Any CPU
	EndGlobalSection
	GlobalSection(ProjectConfigurationPlatforms) = postSolution
		{83330B14-AA70-45BB-9DCE-3FA25BEC2952}.Debug|Any CPU.ActiveCfg = Debug|Any CPU
		{83330B14-AA70-45BB-9DCE-3FA25BEC2952}.Debug|Any CPU.Build.0 = Debug|Any CPU
		{83330B14-AA70-45BB-9DCE-3FA25BEC2952}.Release|Any CPU.ActiveCfg = Release|Any CPU
		{83330B14-AA70-45BB-9DCE-3FA25BEC2952}.Release|Any CPU.Build.0 = Release|Any CPU
	EndGlobalSection
	GlobalSection(SolutionProperties) = preSolution
		HideSolutionNode = FALSE
	EndGlobalSection
	GlobalSection(ExtensibilityGlobals) = postSolution
		SolutionGuid = {EA5CC9D8-97A0-4699-97BE-0F698DF31D45}
	EndGlobalSection
EndGlobal
